
Microsoft Visual Studio Solution File, Format Version 12.00
# Visual Studio 2013
VisualStudioVersion = 12.0.21005.1
MinimumVisualStudioVersion = 10.0.40219.1
Project("{FAE04EC0-301F-11D3-BF4B-00C04F79EFBC}") = "CloudCodeOCR", "CloudCodeOCR\CloudCodeOCR.csproj", "{7587C60C-F144-4999-9531-E5A73ECF448B}"
EndProject
Project("{FAE04EC0-301F-11D3-BF4B-00C04F79EFBC}") = "CloudCodeTest", "CloudCodeTest\CloudCodeTest.csproj", "{784758FE-CFEB-44D5-9E1D-849F443CCD1B}"
EndProject
Global
	GlobalSection(SolutionConfigurationPlatforms) = preSolution
		Debug|Any CPU = Debug|Any CPU
		Release|Any CPU = Release|Any CPU
	EndGlobalSection
	GlobalSection(ProjectConfigurationPlatforms) = postSolution
		{7587C60C-F144-4999-9531-E5A73ECF448B}.Debug|Any CPU.ActiveCfg = Debug|Any CPU
		{7587C60C-F144-4999-9531-E5A73ECF448B}.Debug|Any CPU.Build.0 = Debug|Any CPU
		{7587C60C-F144-4999-9531-E5A73ECF448B}.Release|Any CPU.ActiveCfg = Release|Any CPU
		{7587C60C-F144-4999-9531-E5A73ECF448B}.Release|Any CPU.Build.0 = Release|Any CPU
		{784758FE-CFEB-44D5-9E1D-849F443CCD1B}.Debug|Any CPU.ActiveCfg = Debug|Any CPU
		{784758FE-CFEB-44D5-9E1D-849F443CCD1B}.Debug|Any CPU.Build.0 = Debug|Any CPU
		{784758FE-CFEB-44D5-9E1D-849F443CCD1B}.Release|Any CPU.ActiveCfg = Release|Any CPU
		{784758FE-CFEB-44D5-9E1D-849F443CCD1B}.Release|Any CPU.Build.0 = Release|Any CPU
	EndGlobalSection
	GlobalSection(SolutionProperties) = preSolution
		HideSolutionNode = FALSE
	EndGlobalSection
EndGlobal
